# This file is generated by running "yarn install" inside your project.
# Manual changes might be lost - proceed with caution!

__metadata:
  version: 8
  cacheKey: 10c0

"@mdi/svg@npm:latest":
  version: 7.4.47
  resolution: "@mdi/svg@npm:7.4.47"
  checksum: 10c0/c2beb137eb91472e7603bba6dcd904493a1902a70c14d816c77edfd157b26ec65d16bee5cb161b6d1765ddc9d94dd3cf6b37d887f581f624fc9aae571e9bd9e0
  languageName: node
  linkType: hard

"hugo-shortcode-mdi@workspace:.":
  version: 0.0.0-use.local
  resolution: "hugo-shortcode-mdi@workspace:."
  dependencies:
    "@mdi/svg": "npm:latest"
  languageName: unknown
  linkType: soft
